// !$*UTF8*$!
{
	archiveVersion = 1;
	classes = {
	};
	objectVersion = 56;
	objects = {

/* Begin PBXBuildFile section */
		BC33BFB42AA9D4D70028BE38 /* LoginRegisterDataSource.swift in Sources */ = {isa = PBXBuildFile; fileRef = BC33BFB32AA9D4D70028BE38 /* LoginRegisterDataSource.swift */; };
		BC33BFB82AA9D5360028BE38 /* LoginRegisterRepository.swift in Sources */ = {isa = PBXBuildFile; fileRef = BC33BFB72AA9D5360028BE38 /* LoginRegisterRepository.swift */; };
		BC33BFBC2AA9EB850028BE38 /* WalletCollectionViewCell.swift in Sources */ = {isa = PBXBuildFile; fileRef = BC33BFBA2AA9EB850028BE38 /* WalletCollectionViewCell.swift */; };
		BC33BFBD2AA9EB850028BE38 /* WalletCollectionViewCell.xib in Resources */ = {isa = PBXBuildFile; fileRef = BC33BFBB2AA9EB850028BE38 /* WalletCollectionViewCell.xib */; };
		BC33BFC12AA9F6E80028BE38 /* RegisterResponse.swift in Sources */ = {isa = PBXBuildFile; fileRef = BC33BFC02AA9F6E80028BE38 /* RegisterResponse.swift */; };
		BC33BFC32AA9F7020028BE38 /* LoginResponse.swift in Sources */ = {isa = PBXBuildFile; fileRef = BC33BFC22AA9F7020028BE38 /* LoginResponse.swift */; };
		BC33BFC52AA9F7190028BE38 /* RegisterModel.swift in Sources */ = {isa = PBXBuildFile; fileRef = BC33BFC42AA9F7190028BE38 /* RegisterModel.swift */; };
		BC33BFC72AA9F71E0028BE38 /* LoginModel.swift in Sources */ = {isa = PBXBuildFile; fileRef = BC33BFC62AA9F71E0028BE38 /* LoginModel.swift */; };
		BC33BFC92AA9F7B30028BE38 /* DataMapper.swift in Sources */ = {isa = PBXBuildFile; fileRef = BC33BFC82AA9F7B30028BE38 /* DataMapper.swift */; };
		BC33C0052AAB32950028BE38 /* DrawerMenuViewController.swift in Sources */ = {isa = PBXBuildFile; fileRef = BC33C0032AAB32950028BE38 /* DrawerMenuViewController.swift */; };
		BC33C0062AAB32950028BE38 /* DrawerMenuViewController.xib in Resources */ = {isa = PBXBuildFile; fileRef = BC33C0042AAB32950028BE38 /* DrawerMenuViewController.xib */; };
		BC33C0082AAB32F90028BE38 /* DrawerTransitionManager.swift in Sources */ = {isa = PBXBuildFile; fileRef = BC33C0072AAB32F90028BE38 /* DrawerTransitionManager.swift */; };
		BC33C00B2AAB33B90028BE38 /* DrawerPresentationController.swift in Sources */ = {isa = PBXBuildFile; fileRef = BC33C00A2AAB33B90028BE38 /* DrawerPresentationController.swift */; };
		BC33C00D2AAB33C90028BE38 /* DrawerSlideAnimation.swift in Sources */ = {isa = PBXBuildFile; fileRef = BC33C00C2AAB33C90028BE38 /* DrawerSlideAnimation.swift */; };
		BCC68D372A9F111400E45602 /* AppDelegate.swift in Sources */ = {isa = PBXBuildFile; fileRef = BCC68D362A9F111400E45602 /* AppDelegate.swift */; };
		BCC68D392A9F111400E45602 /* SceneDelegate.swift in Sources */ = {isa = PBXBuildFile; fileRef = BCC68D382A9F111400E45602 /* SceneDelegate.swift */; };
		BCC68D412A9F111400E45602 /* DailyCost.xcdatamodeld in Sources */ = {isa = PBXBuildFile; fileRef = BCC68D3F2A9F111400E45602 /* DailyCost.xcdatamodeld */; };
		BCC68D432A9F111600E45602 /* Assets.xcassets in Resources */ = {isa = PBXBuildFile; fileRef = BCC68D422A9F111600E45602 /* Assets.xcassets */; };
		BCC68D462A9F111600E45602 /* LaunchScreen.storyboard in Resources */ = {isa = PBXBuildFile; fileRef = BCC68D442A9F111600E45602 /* LaunchScreen.storyboard */; };
		BCC68D512A9F111600E45602 /* DailyCostTests.swift in Sources */ = {isa = PBXBuildFile; fileRef = BCC68D502A9F111600E45602 /* DailyCostTests.swift */; };
		BCC68D5B2A9F111700E45602 /* DailyCostUITests.swift in Sources */ = {isa = PBXBuildFile; fileRef = BCC68D5A2A9F111700E45602 /* DailyCostUITests.swift */; };
		BCC68D5D2A9F111700E45602 /* DailyCostUITestsLaunchTests.swift in Sources */ = {isa = PBXBuildFile; fileRef = BCC68D5C2A9F111700E45602 /* DailyCostUITestsLaunchTests.swift */; };
		BCC68D7A2A9F162400E45602 /* AppColor+Ext.swift in Sources */ = {isa = PBXBuildFile; fileRef = BCC68D792A9F162400E45602 /* AppColor+Ext.swift */; };
		BCC68D812A9F1FB800E45602 /* OnboardingPage.swift in Sources */ = {isa = PBXBuildFile; fileRef = BCC68D802A9F1FB800E45602 /* OnboardingPage.swift */; };
		BCC68D872A9F20F500E45602 /* OnboardingPageContentViewController.swift in Sources */ = {isa = PBXBuildFile; fileRef = BCC68D852A9F20F500E45602 /* OnboardingPageContentViewController.swift */; };
		BCC68D882A9F20F500E45602 /* OnboardingPageContentViewController.xib in Resources */ = {isa = PBXBuildFile; fileRef = BCC68D862A9F20F500E45602 /* OnboardingPageContentViewController.xib */; };
		BCC68D8A2A9F266F00E45602 /* OnboardingViewController.swift in Sources */ = {isa = PBXBuildFile; fileRef = BCC68D892A9F266F00E45602 /* OnboardingViewController.swift */; };
		BCC68D8F2A9F383C00E45602 /* SignUpViewController.swift in Sources */ = {isa = PBXBuildFile; fileRef = BCC68D8D2A9F383C00E45602 /* SignUpViewController.swift */; };
		BCC68D902A9F383C00E45602 /* SignUpViewController.xib in Resources */ = {isa = PBXBuildFile; fileRef = BCC68D8E2A9F383C00E45602 /* SignUpViewController.xib */; };
		BCC68D932A9F384500E45602 /* SignInViewController.swift in Sources */ = {isa = PBXBuildFile; fileRef = BCC68D912A9F384500E45602 /* SignInViewController.swift */; };
		BCC68D942A9F384500E45602 /* SignInViewController.xib in Resources */ = {isa = PBXBuildFile; fileRef = BCC68D922A9F384500E45602 /* SignInViewController.xib */; };
		BCC68D982A9F482800E45602 /* UITextField+Ext.swift in Sources */ = {isa = PBXBuildFile; fileRef = BCC68D972A9F482800E45602 /* UITextField+Ext.swift */; };
		BCC68D9A2A9F528400E45602 /* UIViewController+Ext.swift in Sources */ = {isa = PBXBuildFile; fileRef = BCC68D992A9F528400E45602 /* UIViewController+Ext.swift */; };
		E19FBE1E2A9FB4D900D4C276 /* SignInViewModel.swift in Sources */ = {isa = PBXBuildFile; fileRef = E19FBE1D2A9FB4D900D4C276 /* SignInViewModel.swift */; };
		E19FBE242A9FB69400D4C276 /* SignInUseCase.swift in Sources */ = {isa = PBXBuildFile; fileRef = E19FBE232A9FB69400D4C276 /* SignInUseCase.swift */; };
		E19FBE262A9FB87D00D4C276 /* LoginKey.swift in Sources */ = {isa = PBXBuildFile; fileRef = E19FBE252A9FB87D00D4C276 /* LoginKey.swift */; };
		E1AE615B2A9F9E2D00ED4BC8 /* APIManager.swift in Sources */ = {isa = PBXBuildFile; fileRef = E1AE615A2A9F9E2D00ED4BC8 /* APIManager.swift */; };
		E1AE61622A9FA2F100ED4BC8 /* Utils.swift in Sources */ = {isa = PBXBuildFile; fileRef = E1AE61612A9FA2F100ED4BC8 /* Utils.swift */; };
		E1AE616B2A9FA42E00ED4BC8 /* Injection.swift in Sources */ = {isa = PBXBuildFile; fileRef = E1AE616A2A9FA42E00ED4BC8 /* Injection.swift */; };
		E1AE616F2A9FA48900ED4BC8 /* SignUpViewModel.swift in Sources */ = {isa = PBXBuildFile; fileRef = E1AE616E2A9FA48900ED4BC8 /* SignUpViewModel.swift */; };
		E1AE61712A9FA4BA00ED4BC8 /* BaseViewModel.swift in Sources */ = {isa = PBXBuildFile; fileRef = E1AE61702A9FA4BA00ED4BC8 /* BaseViewModel.swift */; };
		E1AE61732A9FA53F00ED4BC8 /* SignUpUseCase.swift in Sources */ = {isa = PBXBuildFile; fileRef = E1AE61722A9FA53F00ED4BC8 /* SignUpUseCase.swift */; };
		E1AE61772A9FA72800ED4BC8 /* DashboardViewController.swift in Sources */ = {isa = PBXBuildFile; fileRef = E1AE61752A9FA72800ED4BC8 /* DashboardViewController.swift */; };
		E1AE61782A9FA72800ED4BC8 /* DashboardViewController.xib in Resources */ = {isa = PBXBuildFile; fileRef = E1AE61762A9FA72800ED4BC8 /* DashboardViewController.xib */; };
		E1AE617B2A9FA81200ED4BC8 /* Toast.swift in Sources */ = {isa = PBXBuildFile; fileRef = E1AE617A2A9FA81200ED4BC8 /* Toast.swift */; };
		E1AE617D2A9FA82F00ED4BC8 /* TTGSnackbar.swift in Sources */ = {isa = PBXBuildFile; fileRef = E1AE617C2A9FA82F00ED4BC8 /* TTGSnackbar.swift */; };
		E1EECB8E2AAA32E50095E668 /* DepoDataSource.swift in Sources */ = {isa = PBXBuildFile; fileRef = E1EECB8D2AAA32E50095E668 /* DepoDataSource.swift */; };
		E1EECB902AAA33690095E668 /* DepoResponse.swift in Sources */ = {isa = PBXBuildFile; fileRef = E1EECB8F2AAA33690095E668 /* DepoResponse.swift */; };
		E1EECB922AAA35190095E668 /* DepoModel.swift in Sources */ = {isa = PBXBuildFile; fileRef = E1EECB912AAA35190095E668 /* DepoModel.swift */; };
		E1EECB952AAA35CC0095E668 /* DepoRepository.swift in Sources */ = {isa = PBXBuildFile; fileRef = E1EECB942AAA35CC0095E668 /* DepoRepository.swift */; };
		E1EECB972AAA36F80095E668 /* DashboardUseCase.swift in Sources */ = {isa = PBXBuildFile; fileRef = E1EECB962AAA36F80095E668 /* DashboardUseCase.swift */; };
		E1EECB9A2AAA38FD0095E668 /* DashboardViewModel.swift in Sources */ = {isa = PBXBuildFile; fileRef = E1EECB992AAA38FD0095E668 /* DashboardViewModel.swift */; };
		E1F134132A9F9C38008A4AB1 /* Alamofire in Frameworks */ = {isa = PBXBuildFile; productRef = E1F134122A9F9C38008A4AB1 /* Alamofire */; };
		E1F134162A9F9C59008A4AB1 /* netfox in Frameworks */ = {isa = PBXBuildFile; productRef = E1F134152A9F9C59008A4AB1 /* netfox */; };
		E1F134192A9F9CB7008A4AB1 /* RxCocoa in Frameworks */ = {isa = PBXBuildFile; productRef = E1F134182A9F9CB7008A4AB1 /* RxCocoa */; };
		E1F1341B2A9F9CB7008A4AB1 /* RxSwift in Frameworks */ = {isa = PBXBuildFile; productRef = E1F1341A2A9F9CB7008A4AB1 /* RxSwift */; };
		E1F1341E2A9F9CD6008A4AB1 /* IQKeyboardManagerSwift in Frameworks */ = {isa = PBXBuildFile; productRef = E1F1341D2A9F9CD6008A4AB1 /* IQKeyboardManagerSwift */; };
/* End PBXBuildFile section */

/* Begin PBXContainerItemProxy section */
		BCC68D4D2A9F111600E45602 /* PBXContainerItemProxy */ = {
			isa = PBXContainerItemProxy;
			containerPortal = BCC68D2B2A9F111400E45602 /* Project object */;
			proxyType = 1;
			remoteGlobalIDString = BCC68D322A9F111400E45602;
			remoteInfo = DailyCost;
		};
		BCC68D572A9F111700E45602 /* PBXContainerItemProxy */ = {
			isa = PBXContainerItemProxy;
			containerPortal = BCC68D2B2A9F111400E45602 /* Project object */;
			proxyType = 1;
			remoteGlobalIDString = BCC68D322A9F111400E45602;
			remoteInfo = DailyCost;
		};
/* End PBXContainerItemProxy section */

/* Begin PBXFileReference section */
		BC33BFB32AA9D4D70028BE38 /* LoginRegisterDataSource.swift */ = {isa = PBXFileReference; lastKnownFileType = sourcecode.swift; path = LoginRegisterDataSource.swift; sourceTree = "<group>"; };
		BC33BFB72AA9D5360028BE38 /* LoginRegisterRepository.swift */ = {isa = PBXFileReference; lastKnownFileType = sourcecode.swift; path = LoginRegisterRepository.swift; sourceTree = "<group>"; };
		BC33BFBA2AA9EB850028BE38 /* WalletCollectionViewCell.swift */ = {isa = PBXFileReference; lastKnownFileType = sourcecode.swift; path = WalletCollectionViewCell.swift; sourceTree = "<group>"; };
		BC33BFBB2AA9EB850028BE38 /* WalletCollectionViewCell.xib */ = {isa = PBXFileReference; lastKnownFileType = file.xib; path = WalletCollectionViewCell.xib; sourceTree = "<group>"; };
		BC33BFC02AA9F6E80028BE38 /* RegisterResponse.swift */ = {isa = PBXFileReference; lastKnownFileType = sourcecode.swift; path = RegisterResponse.swift; sourceTree = "<group>"; };
		BC33BFC22AA9F7020028BE38 /* LoginResponse.swift */ = {isa = PBXFileReference; lastKnownFileType = sourcecode.swift; path = LoginResponse.swift; sourceTree = "<group>"; };
		BC33BFC42AA9F7190028BE38 /* RegisterModel.swift */ = {isa = PBXFileReference; lastKnownFileType = sourcecode.swift; path = RegisterModel.swift; sourceTree = "<group>"; };
		BC33BFC62AA9F71E0028BE38 /* LoginModel.swift */ = {isa = PBXFileReference; lastKnownFileType = sourcecode.swift; path = LoginModel.swift; sourceTree = "<group>"; };
		BC33BFC82AA9F7B30028BE38 /* DataMapper.swift */ = {isa = PBXFileReference; lastKnownFileType = sourcecode.swift; path = DataMapper.swift; sourceTree = "<group>"; };
		BC33C0032AAB32950028BE38 /* DrawerMenuViewController.swift */ = {isa = PBXFileReference; lastKnownFileType = sourcecode.swift; path = DrawerMenuViewController.swift; sourceTree = "<group>"; };
		BC33C0042AAB32950028BE38 /* DrawerMenuViewController.xib */ = {isa = PBXFileReference; lastKnownFileType = file.xib; path = DrawerMenuViewController.xib; sourceTree = "<group>"; };
		BC33C0072AAB32F90028BE38 /* DrawerTransitionManager.swift */ = {isa = PBXFileReference; lastKnownFileType = sourcecode.swift; path = DrawerTransitionManager.swift; sourceTree = "<group>"; };
		BC33C00A2AAB33B90028BE38 /* DrawerPresentationController.swift */ = {isa = PBXFileReference; lastKnownFileType = sourcecode.swift; path = DrawerPresentationController.swift; sourceTree = "<group>"; };
		BC33C00C2AAB33C90028BE38 /* DrawerSlideAnimation.swift */ = {isa = PBXFileReference; lastKnownFileType = sourcecode.swift; path = DrawerSlideAnimation.swift; sourceTree = "<group>"; };
		BCC68D332A9F111400E45602 /* DailyCost.app */ = {isa = PBXFileReference; explicitFileType = wrapper.application; includeInIndex = 0; path = DailyCost.app; sourceTree = BUILT_PRODUCTS_DIR; };
		BCC68D362A9F111400E45602 /* AppDelegate.swift */ = {isa = PBXFileReference; lastKnownFileType = sourcecode.swift; path = AppDelegate.swift; sourceTree = "<group>"; };
		BCC68D382A9F111400E45602 /* SceneDelegate.swift */ = {isa = PBXFileReference; lastKnownFileType = sourcecode.swift; path = SceneDelegate.swift; sourceTree = "<group>"; };
		BCC68D402A9F111400E45602 /* DailyCost.xcdatamodel */ = {isa = PBXFileReference; lastKnownFileType = wrapper.xcdatamodel; path = DailyCost.xcdatamodel; sourceTree = "<group>"; };
		BCC68D422A9F111600E45602 /* Assets.xcassets */ = {isa = PBXFileReference; lastKnownFileType = folder.assetcatalog; path = Assets.xcassets; sourceTree = "<group>"; };
		BCC68D452A9F111600E45602 /* Base */ = {isa = PBXFileReference; lastKnownFileType = file.storyboard; name = Base; path = Base.lproj/LaunchScreen.storyboard; sourceTree = "<group>"; };
		BCC68D472A9F111600E45602 /* Info.plist */ = {isa = PBXFileReference; lastKnownFileType = text.plist.xml; path = Info.plist; sourceTree = "<group>"; };
		BCC68D4C2A9F111600E45602 /* DailyCostTests.xctest */ = {isa = PBXFileReference; explicitFileType = wrapper.cfbundle; includeInIndex = 0; path = DailyCostTests.xctest; sourceTree = BUILT_PRODUCTS_DIR; };
		BCC68D502A9F111600E45602 /* DailyCostTests.swift */ = {isa = PBXFileReference; lastKnownFileType = sourcecode.swift; path = DailyCostTests.swift; sourceTree = "<group>"; };
		BCC68D562A9F111700E45602 /* DailyCostUITests.xctest */ = {isa = PBXFileReference; explicitFileType = wrapper.cfbundle; includeInIndex = 0; path = DailyCostUITests.xctest; sourceTree = BUILT_PRODUCTS_DIR; };
		BCC68D5A2A9F111700E45602 /* DailyCostUITests.swift */ = {isa = PBXFileReference; lastKnownFileType = sourcecode.swift; path = DailyCostUITests.swift; sourceTree = "<group>"; };
		BCC68D5C2A9F111700E45602 /* DailyCostUITestsLaunchTests.swift */ = {isa = PBXFileReference; lastKnownFileType = sourcecode.swift; path = DailyCostUITestsLaunchTests.swift; sourceTree = "<group>"; };
		BCC68D792A9F162400E45602 /* AppColor+Ext.swift */ = {isa = PBXFileReference; lastKnownFileType = sourcecode.swift; path = "AppColor+Ext.swift"; sourceTree = "<group>"; };
		BCC68D802A9F1FB800E45602 /* OnboardingPage.swift */ = {isa = PBXFileReference; lastKnownFileType = sourcecode.swift; path = OnboardingPage.swift; sourceTree = "<group>"; };
		BCC68D852A9F20F500E45602 /* OnboardingPageContentViewController.swift */ = {isa = PBXFileReference; lastKnownFileType = sourcecode.swift; path = OnboardingPageContentViewController.swift; sourceTree = "<group>"; };
		BCC68D862A9F20F500E45602 /* OnboardingPageContentViewController.xib */ = {isa = PBXFileReference; lastKnownFileType = file.xib; path = OnboardingPageContentViewController.xib; sourceTree = "<group>"; };
		BCC68D892A9F266F00E45602 /* OnboardingViewController.swift */ = {isa = PBXFileReference; lastKnownFileType = sourcecode.swift; path = OnboardingViewController.swift; sourceTree = "<group>"; };
		BCC68D8D2A9F383C00E45602 /* SignUpViewController.swift */ = {isa = PBXFileReference; lastKnownFileType = sourcecode.swift; path = SignUpViewController.swift; sourceTree = "<group>"; };
		BCC68D8E2A9F383C00E45602 /* SignUpViewController.xib */ = {isa = PBXFileReference; lastKnownFileType = file.xib; path = SignUpViewController.xib; sourceTree = "<group>"; };
		BCC68D912A9F384500E45602 /* SignInViewController.swift */ = {isa = PBXFileReference; lastKnownFileType = sourcecode.swift; path = SignInViewController.swift; sourceTree = "<group>"; };
		BCC68D922A9F384500E45602 /* SignInViewController.xib */ = {isa = PBXFileReference; lastKnownFileType = file.xib; path = SignInViewController.xib; sourceTree = "<group>"; };
		BCC68D972A9F482800E45602 /* UITextField+Ext.swift */ = {isa = PBXFileReference; lastKnownFileType = sourcecode.swift; path = "UITextField+Ext.swift"; sourceTree = "<group>"; };
		BCC68D992A9F528400E45602 /* UIViewController+Ext.swift */ = {isa = PBXFileReference; lastKnownFileType = sourcecode.swift; path = "UIViewController+Ext.swift"; sourceTree = "<group>"; };
		E19FBE1D2A9FB4D900D4C276 /* SignInViewModel.swift */ = {isa = PBXFileReference; lastKnownFileType = sourcecode.swift; path = SignInViewModel.swift; sourceTree = "<group>"; };
		E19FBE232A9FB69400D4C276 /* SignInUseCase.swift */ = {isa = PBXFileReference; lastKnownFileType = sourcecode.swift; path = SignInUseCase.swift; sourceTree = "<group>"; };
		E19FBE252A9FB87D00D4C276 /* LoginKey.swift */ = {isa = PBXFileReference; lastKnownFileType = sourcecode.swift; path = LoginKey.swift; sourceTree = "<group>"; };
		E1AE615A2A9F9E2D00ED4BC8 /* APIManager.swift */ = {isa = PBXFileReference; lastKnownFileType = sourcecode.swift; path = APIManager.swift; sourceTree = "<group>"; };
		E1AE61612A9FA2F100ED4BC8 /* Utils.swift */ = {isa = PBXFileReference; lastKnownFileType = sourcecode.swift; path = Utils.swift; sourceTree = "<group>"; };
		E1AE616A2A9FA42E00ED4BC8 /* Injection.swift */ = {isa = PBXFileReference; lastKnownFileType = sourcecode.swift; path = Injection.swift; sourceTree = "<group>"; };
		E1AE616E2A9FA48900ED4BC8 /* SignUpViewModel.swift */ = {isa = PBXFileReference; lastKnownFileType = sourcecode.swift; path = SignUpViewModel.swift; sourceTree = "<group>"; };
		E1AE61702A9FA4BA00ED4BC8 /* BaseViewModel.swift */ = {isa = PBXFileReference; lastKnownFileType = sourcecode.swift; path = BaseViewModel.swift; sourceTree = "<group>"; };
		E1AE61722A9FA53F00ED4BC8 /* SignUpUseCase.swift */ = {isa = PBXFileReference; lastKnownFileType = sourcecode.swift; path = SignUpUseCase.swift; sourceTree = "<group>"; };
		E1AE61752A9FA72800ED4BC8 /* DashboardViewController.swift */ = {isa = PBXFileReference; lastKnownFileType = sourcecode.swift; path = DashboardViewController.swift; sourceTree = "<group>"; };
		E1AE61762A9FA72800ED4BC8 /* DashboardViewController.xib */ = {isa = PBXFileReference; lastKnownFileType = file.xib; path = DashboardViewController.xib; sourceTree = "<group>"; };
		E1AE617A2A9FA81200ED4BC8 /* Toast.swift */ = {isa = PBXFileReference; lastKnownFileType = sourcecode.swift; path = Toast.swift; sourceTree = "<group>"; };
		E1AE617C2A9FA82F00ED4BC8 /* TTGSnackbar.swift */ = {isa = PBXFileReference; lastKnownFileType = sourcecode.swift; path = TTGSnackbar.swift; sourceTree = "<group>"; };
		E1EECB8D2AAA32E50095E668 /* DepoDataSource.swift */ = {isa = PBXFileReference; lastKnownFileType = sourcecode.swift; path = DepoDataSource.swift; sourceTree = "<group>"; };
		E1EECB8F2AAA33690095E668 /* DepoResponse.swift */ = {isa = PBXFileReference; lastKnownFileType = sourcecode.swift; path = DepoResponse.swift; sourceTree = "<group>"; };
		E1EECB912AAA35190095E668 /* DepoModel.swift */ = {isa = PBXFileReference; lastKnownFileType = sourcecode.swift; path = DepoModel.swift; sourceTree = "<group>"; };
		E1EECB942AAA35CC0095E668 /* DepoRepository.swift */ = {isa = PBXFileReference; lastKnownFileType = sourcecode.swift; path = DepoRepository.swift; sourceTree = "<group>"; };
		E1EECB962AAA36F80095E668 /* DashboardUseCase.swift */ = {isa = PBXFileReference; lastKnownFileType = sourcecode.swift; path = DashboardUseCase.swift; sourceTree = "<group>"; };
		E1EECB992AAA38FD0095E668 /* DashboardViewModel.swift */ = {isa = PBXFileReference; lastKnownFileType = sourcecode.swift; path = DashboardViewModel.swift; sourceTree = "<group>"; };
/* End PBXFileReference section */

/* Begin PBXFrameworksBuildPhase section */
		BCC68D302A9F111400E45602 /* Frameworks */ = {
			isa = PBXFrameworksBuildPhase;
			buildActionMask = 2147483647;
			files = (
				E1F1341E2A9F9CD6008A4AB1 /* IQKeyboardManagerSwift in Frameworks */,
				E1F134192A9F9CB7008A4AB1 /* RxCocoa in Frameworks */,
				E1F134162A9F9C59008A4AB1 /* netfox in Frameworks */,
				E1F1341B2A9F9CB7008A4AB1 /* RxSwift in Frameworks */,
				E1F134132A9F9C38008A4AB1 /* Alamofire in Frameworks */,
			);
			runOnlyForDeploymentPostprocessing = 0;
		};
		BCC68D492A9F111600E45602 /* Frameworks */ = {
			isa = PBXFrameworksBuildPhase;
			buildActionMask = 2147483647;
			files = (
			);
			runOnlyForDeploymentPostprocessing = 0;
		};
		BCC68D532A9F111700E45602 /* Frameworks */ = {
			isa = PBXFrameworksBuildPhase;
			buildActionMask = 2147483647;
			files = (
			);
			runOnlyForDeploymentPostprocessing = 0;
		};
/* End PBXFrameworksBuildPhase section */

/* Begin PBXGroup section */
		BC33BFB52AA9D4F40028BE38 /* LoginRegister */ = {
			isa = PBXGroup;
			children = (
				BC33BFB32AA9D4D70028BE38 /* LoginRegisterDataSource.swift */,
			);
			path = LoginRegister;
			sourceTree = "<group>";
		};
		BC33BFB62AA9D52B0028BE38 /* LoginRegister */ = {
			isa = PBXGroup;
			children = (
				BC33BFB72AA9D5360028BE38 /* LoginRegisterRepository.swift */,
			);
			path = LoginRegister;
			sourceTree = "<group>";
		};
		BC33BFB92AA9EB6A0028BE38 /* Cell */ = {
			isa = PBXGroup;
			children = (
				BC33BFBA2AA9EB850028BE38 /* WalletCollectionViewCell.swift */,
				BC33BFBB2AA9EB850028BE38 /* WalletCollectionViewCell.xib */,
			);
			path = Cell;
			sourceTree = "<group>";
		};
		BC33BFBE2AA9F6950028BE38 /* DataResponse */ = {
			isa = PBXGroup;
			children = (
				BC33BFC02AA9F6E80028BE38 /* RegisterResponse.swift */,
				BC33BFC22AA9F7020028BE38 /* LoginResponse.swift */,
				E1EECB8F2AAA33690095E668 /* DepoResponse.swift */,
			);
			path = DataResponse;
			sourceTree = "<group>";
		};
		BC33BFBF2AA9F6A00028BE38 /* DataModel */ = {
			isa = PBXGroup;
			children = (
				BC33BFC42AA9F7190028BE38 /* RegisterModel.swift */,
				BC33BFC62AA9F71E0028BE38 /* LoginModel.swift */,
				E1EECB912AAA35190095E668 /* DepoModel.swift */,
			);
			path = DataModel;
			sourceTree = "<group>";
		};
		BC33BFFF2AAB2E600028BE38 /* Feature */ = {
			isa = PBXGroup;
			children = (
				BC33C0002AAB2E700028BE38 /* DrawerMenu */,
			);
			path = Feature;
			sourceTree = "<group>";
		};
		BC33C0002AAB2E700028BE38 /* DrawerMenu */ = {
			isa = PBXGroup;
			children = (
				BC33C00E2AAB33DF0028BE38 /* DrawerMenuController */,
				BC33C0092AAB339C0028BE38 /* DrawerTransitionManager */,
			);
			path = DrawerMenu;
			sourceTree = "<group>";
		};
		BC33C0092AAB339C0028BE38 /* DrawerTransitionManager */ = {
			isa = PBXGroup;
			children = (
				BC33C0072AAB32F90028BE38 /* DrawerTransitionManager.swift */,
				BC33C00A2AAB33B90028BE38 /* DrawerPresentationController.swift */,
				BC33C00C2AAB33C90028BE38 /* DrawerSlideAnimation.swift */,
			);
			path = DrawerTransitionManager;
			sourceTree = "<group>";
		};
		BC33C00E2AAB33DF0028BE38 /* DrawerMenuController */ = {
			isa = PBXGroup;
			children = (
				BC33C0032AAB32950028BE38 /* DrawerMenuViewController.swift */,
				BC33C0042AAB32950028BE38 /* DrawerMenuViewController.xib */,
			);
			path = DrawerMenuController;
			sourceTree = "<group>";
		};
		BCC68D2A2A9F111400E45602 = {
			isa = PBXGroup;
			children = (
				BCC68D352A9F111400E45602 /* DailyCost */,
				BCC68D4F2A9F111600E45602 /* DailyCostTests */,
				BCC68D592A9F111700E45602 /* DailyCostUITests */,
				BCC68D342A9F111400E45602 /* Products */,
			);
			sourceTree = "<group>";
		};
		BCC68D342A9F111400E45602 /* Products */ = {
			isa = PBXGroup;
			children = (
				BCC68D332A9F111400E45602 /* DailyCost.app */,
				BCC68D4C2A9F111600E45602 /* DailyCostTests.xctest */,
				BCC68D562A9F111700E45602 /* DailyCostUITests.xctest */,
			);
			name = Products;
			sourceTree = "<group>";
		};
		BCC68D352A9F111400E45602 /* DailyCost */ = {
			isa = PBXGroup;
			children = (
				BCC68D692A9F12B700E45602 /* Application */,
				BCC68D6B2A9F12CA00E45602 /* Data */,
				BCC68D6A2A9F12C600E45602 /* Domain */,
				BCC68D6C2A9F12CE00E45602 /* Presentation */,
				BCC68D772A9F161200E45602 /* Utilities */,
				BCC68D6D2A9F12FB00E45602 /* SupportingFiles */,
				BCC68D472A9F111600E45602 /* Info.plist */,
				BCC68D442A9F111600E45602 /* LaunchScreen.storyboard */,
			);
			path = DailyCost;
			sourceTree = "<group>";
		};
		BCC68D4F2A9F111600E45602 /* DailyCostTests */ = {
			isa = PBXGroup;
			children = (
				BCC68D502A9F111600E45602 /* DailyCostTests.swift */,
			);
			path = DailyCostTests;
			sourceTree = "<group>";
		};
		BCC68D592A9F111700E45602 /* DailyCostUITests */ = {
			isa = PBXGroup;
			children = (
				BCC68D5A2A9F111700E45602 /* DailyCostUITests.swift */,
				BCC68D5C2A9F111700E45602 /* DailyCostUITestsLaunchTests.swift */,
			);
			path = DailyCostUITests;
			sourceTree = "<group>";
		};
		BCC68D692A9F12B700E45602 /* Application */ = {
			isa = PBXGroup;
			children = (
				BCC68D362A9F111400E45602 /* AppDelegate.swift */,
				BCC68D382A9F111400E45602 /* SceneDelegate.swift */,
			);
			path = Application;
			sourceTree = "<group>";
		};
		BCC68D6A2A9F12C600E45602 /* Domain */ = {
			isa = PBXGroup;
			children = (
				E1AE61662A9FA3C500ED4BC8 /* UseCase */,
				BCC68D7F2A9F1FB000E45602 /* Entities */,
			);
			path = Domain;
			sourceTree = "<group>";
		};
		BCC68D6B2A9F12CA00E45602 /* Data */ = {
			isa = PBXGroup;
			children = (
				E1AE61692A9FA42900ED4BC8 /* DI */,
				E1AE61632A9FA38D00ED4BC8 /* Repository */,
				E1AE61592A9F9E1400ED4BC8 /* Network */,
				BCC68D6E2A9F132400E45602 /* DataSource */,
				BCC68D702A9F134D00E45602 /* PersistentStorage */,
				E1AE61702A9FA4BA00ED4BC8 /* BaseViewModel.swift */,
			);
			path = Data;
			sourceTree = "<group>";
		};
		BCC68D6C2A9F12CE00E45602 /* Presentation */ = {
			isa = PBXGroup;
			children = (
				BCC68D8C2A9F382E00E45602 /* SignIn */,
				BCC68D8B2A9F382A00E45602 /* SignUp */,
				BCC68D822A9F20CD00E45602 /* Onboarding */,
				BCC68D712A9F141B00E45602 /* DailyCost */,
			);
			path = Presentation;
			sourceTree = "<group>";
		};
		BCC68D6D2A9F12FB00E45602 /* SupportingFiles */ = {
			isa = PBXGroup;
			children = (
				BCC68D422A9F111600E45602 /* Assets.xcassets */,
			);
			path = SupportingFiles;
			sourceTree = "<group>";
		};
		BCC68D6E2A9F132400E45602 /* DataSource */ = {
			isa = PBXGroup;
			children = (
				E1AE615C2A9FA13000ED4BC8 /* Remote */,
			);
			path = DataSource;
			sourceTree = "<group>";
		};
		BCC68D702A9F134D00E45602 /* PersistentStorage */ = {
			isa = PBXGroup;
			children = (
				BCC68D3F2A9F111400E45602 /* DailyCost.xcdatamodeld */,
			);
			path = PersistentStorage;
			sourceTree = "<group>";
		};
		BCC68D712A9F141B00E45602 /* DailyCost */ = {
			isa = PBXGroup;
			children = (
				E1AE61742A9FA71A00ED4BC8 /* Dashboard */,
			);
			path = DailyCost;
			sourceTree = "<group>";
		};
		BCC68D772A9F161200E45602 /* Utilities */ = {
			isa = PBXGroup;
			children = (
				E1AE61792A9FA80600ED4BC8 /* ThirdPartyLibrary */,
				BCC68D782A9F161900E45602 /* Extension */,
				E1AE61612A9FA2F100ED4BC8 /* Utils.swift */,
				BC33BFC82AA9F7B30028BE38 /* DataMapper.swift */,
			);
			path = Utilities;
			sourceTree = "<group>";
		};
		BCC68D782A9F161900E45602 /* Extension */ = {
			isa = PBXGroup;
			children = (
				BCC68D792A9F162400E45602 /* AppColor+Ext.swift */,
				BCC68D972A9F482800E45602 /* UITextField+Ext.swift */,
				BCC68D992A9F528400E45602 /* UIViewController+Ext.swift */,
			);
			path = Extension;
			sourceTree = "<group>";
		};
		BCC68D7F2A9F1FB000E45602 /* Entities */ = {
			isa = PBXGroup;
			children = (
				BCC68D802A9F1FB800E45602 /* OnboardingPage.swift */,
				E19FBE252A9FB87D00D4C276 /* LoginKey.swift */,
				BC33BFBF2AA9F6A00028BE38 /* DataModel */,
				BC33BFBE2AA9F6950028BE38 /* DataResponse */,
			);
			path = Entities;
			sourceTree = "<group>";
		};
		BCC68D822A9F20CD00E45602 /* Onboarding */ = {
			isa = PBXGroup;
			children = (
				BCC68D832A9F20D800E45602 /* Feature */,
				BCC68D892A9F266F00E45602 /* OnboardingViewController.swift */,
			);
			path = Onboarding;
			sourceTree = "<group>";
		};
		BCC68D832A9F20D800E45602 /* Feature */ = {
			isa = PBXGroup;
			children = (
				BCC68D842A9F20E000E45602 /* OnboardingContent */,
			);
			path = Feature;
			sourceTree = "<group>";
		};
		BCC68D842A9F20E000E45602 /* OnboardingContent */ = {
			isa = PBXGroup;
			children = (
				BCC68D852A9F20F500E45602 /* OnboardingPageContentViewController.swift */,
				BCC68D862A9F20F500E45602 /* OnboardingPageContentViewController.xib */,
			);
			path = OnboardingContent;
			sourceTree = "<group>";
		};
		BCC68D8B2A9F382A00E45602 /* SignUp */ = {
			isa = PBXGroup;
			children = (
				E1AE616D2A9FA47C00ED4BC8 /* ViewModel */,
				BCC68D8D2A9F383C00E45602 /* SignUpViewController.swift */,
				BCC68D8E2A9F383C00E45602 /* SignUpViewController.xib */,
			);
			path = SignUp;
			sourceTree = "<group>";
		};
		BCC68D8C2A9F382E00E45602 /* SignIn */ = {
			isa = PBXGroup;
			children = (
				E19FBE1C2A9FB4CE00D4C276 /* ViewModel */,
				BCC68D912A9F384500E45602 /* SignInViewController.swift */,
				BCC68D922A9F384500E45602 /* SignInViewController.xib */,
			);
			path = SignIn;
			sourceTree = "<group>";
		};
		E19FBE1C2A9FB4CE00D4C276 /* ViewModel */ = {
			isa = PBXGroup;
			children = (
				E19FBE1D2A9FB4D900D4C276 /* SignInViewModel.swift */,
			);
			path = ViewModel;
			sourceTree = "<group>";
		};
		E1AE61592A9F9E1400ED4BC8 /* Network */ = {
			isa = PBXGroup;
			children = (
				E1AE615A2A9F9E2D00ED4BC8 /* APIManager.swift */,
			);
			path = Network;
			sourceTree = "<group>";
		};
		E1AE615C2A9FA13000ED4BC8 /* Remote */ = {
			isa = PBXGroup;
			children = (
				E1EECB8C2AAA32D70095E668 /* Depo */,
				BC33BFB52AA9D4F40028BE38 /* LoginRegister */,
			);
			path = Remote;
			sourceTree = "<group>";
		};
		E1AE61632A9FA38D00ED4BC8 /* Repository */ = {
			isa = PBXGroup;
			children = (
				E1EECB932AAA35C40095E668 /* Depo */,
				BC33BFB62AA9D52B0028BE38 /* LoginRegister */,
			);
			path = Repository;
			sourceTree = "<group>";
		};
		E1AE61662A9FA3C500ED4BC8 /* UseCase */ = {
			isa = PBXGroup;
			children = (
				E1AE61722A9FA53F00ED4BC8 /* SignUpUseCase.swift */,
				E19FBE232A9FB69400D4C276 /* SignInUseCase.swift */,
				E1EECB962AAA36F80095E668 /* DashboardUseCase.swift */,
			);
			path = UseCase;
			sourceTree = "<group>";
		};
		E1AE61692A9FA42900ED4BC8 /* DI */ = {
			isa = PBXGroup;
			children = (
				E1AE616A2A9FA42E00ED4BC8 /* Injection.swift */,
			);
			path = DI;
			sourceTree = "<group>";
		};
		E1AE616D2A9FA47C00ED4BC8 /* ViewModel */ = {
			isa = PBXGroup;
			children = (
				E1AE616E2A9FA48900ED4BC8 /* SignUpViewModel.swift */,
			);
			path = ViewModel;
			sourceTree = "<group>";
		};
		E1AE61742A9FA71A00ED4BC8 /* Dashboard */ = {
			isa = PBXGroup;
			children = (
				BC33BFFF2AAB2E600028BE38 /* Feature */,
				E1EECB982AAA38F20095E668 /* ViewModel */,
				BC33BFB92AA9EB6A0028BE38 /* Cell */,
				E1AE61752A9FA72800ED4BC8 /* DashboardViewController.swift */,
				E1AE61762A9FA72800ED4BC8 /* DashboardViewController.xib */,
			);
			path = Dashboard;
			sourceTree = "<group>";
		};
		E1AE61792A9FA80600ED4BC8 /* ThirdPartyLibrary */ = {
			isa = PBXGroup;
			children = (
				E1AE617A2A9FA81200ED4BC8 /* Toast.swift */,
				E1AE617C2A9FA82F00ED4BC8 /* TTGSnackbar.swift */,
			);
			path = ThirdPartyLibrary;
			sourceTree = "<group>";
		};
		E1EECB8C2AAA32D70095E668 /* Depo */ = {
			isa = PBXGroup;
			children = (
				E1EECB8D2AAA32E50095E668 /* DepoDataSource.swift */,
			);
			path = Depo;
			sourceTree = "<group>";
		};
		E1EECB932AAA35C40095E668 /* Depo */ = {
			isa = PBXGroup;
			children = (
				E1EECB942AAA35CC0095E668 /* DepoRepository.swift */,
			);
			path = Depo;
			sourceTree = "<group>";
		};
		E1EECB982AAA38F20095E668 /* ViewModel */ = {
			isa = PBXGroup;
			children = (
				E1EECB992AAA38FD0095E668 /* DashboardViewModel.swift */,
			);
			path = ViewModel;
			sourceTree = "<group>";
		};
/* End PBXGroup section */

/* Begin PBXNativeTarget section */
		BCC68D322A9F111400E45602 /* DailyCost */ = {
			isa = PBXNativeTarget;
			buildConfigurationList = BCC68D602A9F111700E45602 /* Build configuration list for PBXNativeTarget "DailyCost" */;
			buildPhases = (
				BCC68D2F2A9F111400E45602 /* Sources */,
				BCC68D302A9F111400E45602 /* Frameworks */,
				BCC68D312A9F111400E45602 /* Resources */,
			);
			buildRules = (
			);
			dependencies = (
			);
			name = DailyCost;
			packageProductDependencies = (
				E1F134122A9F9C38008A4AB1 /* Alamofire */,
				E1F134152A9F9C59008A4AB1 /* netfox */,
				E1F134182A9F9CB7008A4AB1 /* RxCocoa */,
				E1F1341A2A9F9CB7008A4AB1 /* RxSwift */,
				E1F1341D2A9F9CD6008A4AB1 /* IQKeyboardManagerSwift */,
			);
			productName = DailyCost;
			productReference = BCC68D332A9F111400E45602 /* DailyCost.app */;
			productType = "com.apple.product-type.application";
		};
		BCC68D4B2A9F111600E45602 /* DailyCostTests */ = {
			isa = PBXNativeTarget;
			buildConfigurationList = BCC68D632A9F111700E45602 /* Build configuration list for PBXNativeTarget "DailyCostTests" */;
			buildPhases = (
				BCC68D482A9F111600E45602 /* Sources */,
				BCC68D492A9F111600E45602 /* Frameworks */,
				BCC68D4A2A9F111600E45602 /* Resources */,
			);
			buildRules = (
			);
			dependencies = (
				BCC68D4E2A9F111600E45602 /* PBXTargetDependency */,
			);
			name = DailyCostTests;
			productName = DailyCostTests;
			productReference = BCC68D4C2A9F111600E45602 /* DailyCostTests.xctest */;
			productType = "com.apple.product-type.bundle.unit-test";
		};
		BCC68D552A9F111700E45602 /* DailyCostUITests */ = {
			isa = PBXNativeTarget;
			buildConfigurationList = BCC68D662A9F111700E45602 /* Build configuration list for PBXNativeTarget "DailyCostUITests" */;
			buildPhases = (
				BCC68D522A9F111700E45602 /* Sources */,
				BCC68D532A9F111700E45602 /* Frameworks */,
				BCC68D542A9F111700E45602 /* Resources */,
			);
			buildRules = (
			);
			dependencies = (
				BCC68D582A9F111700E45602 /* PBXTargetDependency */,
			);
			name = DailyCostUITests;
			productName = DailyCostUITests;
			productReference = BCC68D562A9F111700E45602 /* DailyCostUITests.xctest */;
			productType = "com.apple.product-type.bundle.ui-testing";
		};
/* End PBXNativeTarget section */

/* Begin PBXProject section */
		BCC68D2B2A9F111400E45602 /* Project object */ = {
			isa = PBXProject;
			attributes = {
				BuildIndependentTargetsInParallel = 1;
				LastSwiftUpdateCheck = 1430;
				LastUpgradeCheck = 1430;
				TargetAttributes = {
					BCC68D322A9F111400E45602 = {
						CreatedOnToolsVersion = 14.3.1;
					};
					BCC68D4B2A9F111600E45602 = {
						CreatedOnToolsVersion = 14.3.1;
						TestTargetID = BCC68D322A9F111400E45602;
					};
					BCC68D552A9F111700E45602 = {
						CreatedOnToolsVersion = 14.3.1;
						TestTargetID = BCC68D322A9F111400E45602;
					};
				};
			};
			buildConfigurationList = BCC68D2E2A9F111400E45602 /* Build configuration list for PBXProject "DailyCost" */;
			compatibilityVersion = "Xcode 14.0";
			developmentRegion = en;
			hasScannedForEncodings = 0;
			knownRegions = (
				en,
				Base,
			);
			mainGroup = BCC68D2A2A9F111400E45602;
			packageReferences = (
				E1F134112A9F9C38008A4AB1 /* XCRemoteSwiftPackageReference "Alamofire" */,
				E1F134142A9F9C59008A4AB1 /* XCRemoteSwiftPackageReference "netfox" */,
				E1F134172A9F9CB7008A4AB1 /* XCRemoteSwiftPackageReference "RxSwift" */,
				E1F1341C2A9F9CD6008A4AB1 /* XCRemoteSwiftPackageReference "IQKeyboardManager" */,
			);
			productRefGroup = BCC68D342A9F111400E45602 /* Products */;
			projectDirPath = "";
			projectRoot = "";
			targets = (
				BCC68D322A9F111400E45602 /* DailyCost */,
				BCC68D4B2A9F111600E45602 /* DailyCostTests */,
				BCC68D552A9F111700E45602 /* DailyCostUITests */,
			);
		};
/* End PBXProject section */

/* Begin PBXResourcesBuildPhase section */
		BCC68D312A9F111400E45602 /* Resources */ = {
			isa = PBXResourcesBuildPhase;
			buildActionMask = 2147483647;
			files = (
				BCC68D942A9F384500E45602 /* SignInViewController.xib in Resources */,
				BC33BFBD2AA9EB850028BE38 /* WalletCollectionViewCell.xib in Resources */,
				BCC68D462A9F111600E45602 /* LaunchScreen.storyboard in Resources */,
				BCC68D432A9F111600E45602 /* Assets.xcassets in Resources */,
				BCC68D902A9F383C00E45602 /* SignUpViewController.xib in Resources */,
				BCC68D882A9F20F500E45602 /* OnboardingPageContentViewController.xib in Resources */,
				BC33C0062AAB32950028BE38 /* DrawerMenuViewController.xib in Resources */,
				E1AE61782A9FA72800ED4BC8 /* DashboardViewController.xib in Resources */,
			);
			runOnlyForDeploymentPostprocessing = 0;
		};
		BCC68D4A2A9F111600E45602 /* Resources */ = {
			isa = PBXResourcesBuildPhase;
			buildActionMask = 2147483647;
			files = (
			);
			runOnlyForDeploymentPostprocessing = 0;
		};
		BCC68D542A9F111700E45602 /* Resources */ = {
			isa = PBXResourcesBuildPhase;
			buildActionMask = 2147483647;
			files = (
			);
			runOnlyForDeploymentPostprocessing = 0;
		};
/* End PBXResourcesBuildPhase section */

/* Begin PBXSourcesBuildPhase section */
		BCC68D2F2A9F111400E45602 /* Sources */ = {
			isa = PBXSourcesBuildPhase;
			buildActionMask = 2147483647;
			files = (
				E1AE615B2A9F9E2D00ED4BC8 /* APIManager.swift in Sources */,
				E1AE61772A9FA72800ED4BC8 /* DashboardViewController.swift in Sources */,
				BC33BFBC2AA9EB850028BE38 /* WalletCollectionViewCell.swift in Sources */,
				BC33BFC12AA9F6E80028BE38 /* RegisterResponse.swift in Sources */,
				E1EECB902AAA33690095E668 /* DepoResponse.swift in Sources */,
				E1AE61712A9FA4BA00ED4BC8 /* BaseViewModel.swift in Sources */,
				BC33BFB42AA9D4D70028BE38 /* LoginRegisterDataSource.swift in Sources */,
				BCC68D372A9F111400E45602 /* AppDelegate.swift in Sources */,
				BC33C0052AAB32950028BE38 /* DrawerMenuViewController.swift in Sources */,
				BCC68D982A9F482800E45602 /* UITextField+Ext.swift in Sources */,
				BCC68D412A9F111400E45602 /* DailyCost.xcdatamodeld in Sources */,
				E1AE617D2A9FA82F00ED4BC8 /* TTGSnackbar.swift in Sources */,
				BC33BFC92AA9F7B30028BE38 /* DataMapper.swift in Sources */,
				BC33C00D2AAB33C90028BE38 /* DrawerSlideAnimation.swift in Sources */,
				E1AE616F2A9FA48900ED4BC8 /* SignUpViewModel.swift in Sources */,
				E1AE61622A9FA2F100ED4BC8 /* Utils.swift in Sources */,
				BCC68D9A2A9F528400E45602 /* UIViewController+Ext.swift in Sources */,
				E1EECB8E2AAA32E50095E668 /* DepoDataSource.swift in Sources */,
				BC33BFC72AA9F71E0028BE38 /* LoginModel.swift in Sources */,
				BCC68D8F2A9F383C00E45602 /* SignUpViewController.swift in Sources */,
				BC33C0082AAB32F90028BE38 /* DrawerTransitionManager.swift in Sources */,
				BC33BFC32AA9F7020028BE38 /* LoginResponse.swift in Sources */,
				BCC68D392A9F111400E45602 /* SceneDelegate.swift in Sources */,
				E19FBE262A9FB87D00D4C276 /* LoginKey.swift in Sources */,
				BCC68D8A2A9F266F00E45602 /* OnboardingViewController.swift in Sources */,
				E1EECB9A2AAA38FD0095E668 /* DashboardViewModel.swift in Sources */,
				E19FBE242A9FB69400D4C276 /* SignInUseCase.swift in Sources */,
				BCC68D932A9F384500E45602 /* SignInViewController.swift in Sources */,
				BCC68D812A9F1FB800E45602 /* OnboardingPage.swift in Sources */,
				E1EECB972AAA36F80095E668 /* DashboardUseCase.swift in Sources */,
				BCC68D872A9F20F500E45602 /* OnboardingPageContentViewController.swift in Sources */,
				E1EECB952AAA35CC0095E668 /* DepoRepository.swift in Sources */,
				E1EECB922AAA35190095E668 /* DepoModel.swift in Sources */,
				BC33BFB82AA9D5360028BE38 /* LoginRegisterRepository.swift in Sources */,
				E1AE61732A9FA53F00ED4BC8 /* SignUpUseCase.swift in Sources */,
				E19FBE1E2A9FB4D900D4C276 /* SignInViewModel.swift in Sources */,
				BC33BFC52AA9F7190028BE38 /* RegisterModel.swift in Sources */,
				E1AE617B2A9FA81200ED4BC8 /* Toast.swift in Sources */,
				E1AE616B2A9FA42E00ED4BC8 /* Injection.swift in Sources */,
				BC33C00B2AAB33B90028BE38 /* DrawerPresentationController.swift in Sources */,
				BCC68D7A2A9F162400E45602 /* AppColor+Ext.swift in Sources */,
			);
			runOnlyForDeploymentPostprocessing = 0;
		};
		BCC68D482A9F111600E45602 /* Sources */ = {
			isa = PBXSourcesBuildPhase;
			buildActionMask = 2147483647;
			files = (
				BCC68D512A9F111600E45602 /* DailyCostTests.swift in Sources */,
			);
			runOnlyForDeploymentPostprocessing = 0;
		};
		BCC68D522A9F111700E45602 /* Sources */ = {
			isa = PBXSourcesBuildPhase;
			buildActionMask = 2147483647;
			files = (
				BCC68D5B2A9F111700E45602 /* DailyCostUITests.swift in Sources */,
				BCC68D5D2A9F111700E45602 /* DailyCostUITestsLaunchTests.swift in Sources */,
			);
			runOnlyForDeploymentPostprocessing = 0;
		};
/* End PBXSourcesBuildPhase section */

/* Begin PBXTargetDependency section */
		BCC68D4E2A9F111600E45602 /* PBXTargetDependency */ = {
			isa = PBXTargetDependency;
			target = BCC68D322A9F111400E45602 /* DailyCost */;
			targetProxy = BCC68D4D2A9F111600E45602 /* PBXContainerItemProxy */;
		};
		BCC68D582A9F111700E45602 /* PBXTargetDependency */ = {
			isa = PBXTargetDependency;
			target = BCC68D322A9F111400E45602 /* DailyCost */;
			targetProxy = BCC68D572A9F111700E45602 /* PBXContainerItemProxy */;
		};
/* End PBXTargetDependency section */

/* Begin PBXVariantGroup section */
		BCC68D442A9F111600E45602 /* LaunchScreen.storyboard */ = {
			isa = PBXVariantGroup;
			children = (
				BCC68D452A9F111600E45602 /* Base */,
			);
			name = LaunchScreen.storyboard;
			sourceTree = "<group>";
		};
/* End PBXVariantGroup section */

/* Begin XCBuildConfiguration section */
		BCC68D5E2A9F111700E45602 /* Debug */ = {
			isa = XCBuildConfiguration;
			buildSettings = {
				ALWAYS_SEARCH_USER_PATHS = NO;
				CLANG_ANALYZER_NONNULL = YES;
				CLANG_ANALYZER_NUMBER_OBJECT_CONVERSION = YES_AGGRESSIVE;
				CLANG_CXX_LANGUAGE_STANDARD = "gnu++20";
				CLANG_ENABLE_MODULES = YES;
				CLANG_ENABLE_OBJC_ARC = YES;
				CLANG_ENABLE_OBJC_WEAK = YES;
				CLANG_WARN_BLOCK_CAPTURE_AUTORELEASING = YES;
				CLANG_WARN_BOOL_CONVERSION = YES;
				CLANG_WARN_COMMA = YES;
				CLANG_WARN_CONSTANT_CONVERSION = YES;
				CLANG_WARN_DEPRECATED_OBJC_IMPLEMENTATIONS = YES;
				CLANG_WARN_DIRECT_OBJC_ISA_USAGE = YES_ERROR;
				CLANG_WARN_DOCUMENTATION_COMMENTS = YES;
				CLANG_WARN_EMPTY_BODY = YES;
				CLANG_WARN_ENUM_CONVERSION = YES;
				CLANG_WARN_INFINITE_RECURSION = YES;
				CLANG_WARN_INT_CONVERSION = YES;
				CLANG_WARN_NON_LITERAL_NULL_CONVERSION = YES;
				CLANG_WARN_OBJC_IMPLICIT_RETAIN_SELF = YES;
				CLANG_WARN_OBJC_LITERAL_CONVERSION = YES;
				CLANG_WARN_OBJC_ROOT_CLASS = YES_ERROR;
				CLANG_WARN_QUOTED_INCLUDE_IN_FRAMEWORK_HEADER = YES;
				CLANG_WARN_RANGE_LOOP_ANALYSIS = YES;
				CLANG_WARN_STRICT_PROTOTYPES = YES;
				CLANG_WARN_SUSPICIOUS_MOVE = YES;
				CLANG_WARN_UNGUARDED_AVAILABILITY = YES_AGGRESSIVE;
				CLANG_WARN_UNREACHABLE_CODE = YES;
				CLANG_WARN__DUPLICATE_METHOD_MATCH = YES;
				COPY_PHASE_STRIP = NO;
				DEBUG_INFORMATION_FORMAT = dwarf;
				ENABLE_STRICT_OBJC_MSGSEND = YES;
				ENABLE_TESTABILITY = YES;
				GCC_C_LANGUAGE_STANDARD = gnu11;
				GCC_DYNAMIC_NO_PIC = NO;
				GCC_NO_COMMON_BLOCKS = YES;
				GCC_OPTIMIZATION_LEVEL = 0;
				GCC_PREPROCESSOR_DEFINITIONS = (
					"DEBUG=1",
					"$(inherited)",
				);
				GCC_WARN_64_TO_32_BIT_CONVERSION = YES;
				GCC_WARN_ABOUT_RETURN_TYPE = YES_ERROR;
				GCC_WARN_UNDECLARED_SELECTOR = YES;
				GCC_WARN_UNINITIALIZED_AUTOS = YES_AGGRESSIVE;
				GCC_WARN_UNUSED_FUNCTION = YES;
				GCC_WARN_UNUSED_VARIABLE = YES;
				IPHONEOS_DEPLOYMENT_TARGET = 13.0;
				MTL_ENABLE_DEBUG_INFO = INCLUDE_SOURCE;
				MTL_FAST_MATH = YES;
				ONLY_ACTIVE_ARCH = YES;
				SDKROOT = iphoneos;
				SWIFT_ACTIVE_COMPILATION_CONDITIONS = DEBUG;
				SWIFT_OPTIMIZATION_LEVEL = "-Onone";
			};
			name = Debug;
		};
		BCC68D5F2A9F111700E45602 /* Release */ = {
			isa = XCBuildConfiguration;
			buildSettings = {
				ALWAYS_SEARCH_USER_PATHS = NO;
				CLANG_ANALYZER_NONNULL = YES;
				CLANG_ANALYZER_NUMBER_OBJECT_CONVERSION = YES_AGGRESSIVE;
				CLANG_CXX_LANGUAGE_STANDARD = "gnu++20";
				CLANG_ENABLE_MODULES = YES;
				CLANG_ENABLE_OBJC_ARC = YES;
				CLANG_ENABLE_OBJC_WEAK = YES;
				CLANG_WARN_BLOCK_CAPTURE_AUTORELEASING = YES;
				CLANG_WARN_BOOL_CONVERSION = YES;
				CLANG_WARN_COMMA = YES;
				CLANG_WARN_CONSTANT_CONVERSION = YES;
				CLANG_WARN_DEPRECATED_OBJC_IMPLEMENTATIONS = YES;
				CLANG_WARN_DIRECT_OBJC_ISA_USAGE = YES_ERROR;
				CLANG_WARN_DOCUMENTATION_COMMENTS = YES;
				CLANG_WARN_EMPTY_BODY = YES;
				CLANG_WARN_ENUM_CONVERSION = YES;
				CLANG_WARN_INFINITE_RECURSION = YES;
				CLANG_WARN_INT_CONVERSION = YES;
				CLANG_WARN_NON_LITERAL_NULL_CONVERSION = YES;
				CLANG_WARN_OBJC_IMPLICIT_RETAIN_SELF = YES;
				CLANG_WARN_OBJC_LITERAL_CONVERSION = YES;
				CLANG_WARN_OBJC_ROOT_CLASS = YES_ERROR;
				CLANG_WARN_QUOTED_INCLUDE_IN_FRAMEWORK_HEADER = YES;
				CLANG_WARN_RANGE_LOOP_ANALYSIS = YES;
				CLANG_WARN_STRICT_PROTOTYPES = YES;
				CLANG_WARN_SUSPICIOUS_MOVE = YES;
				CLANG_WARN_UNGUARDED_AVAILABILITY = YES_AGGRESSIVE;
				CLANG_WARN_UNREACHABLE_CODE = YES;
				CLANG_WARN__DUPLICATE_METHOD_MATCH = YES;
				COPY_PHASE_STRIP = NO;
				DEBUG_INFORMATION_FORMAT = "dwarf-with-dsym";
				ENABLE_NS_ASSERTIONS = NO;
				ENABLE_STRICT_OBJC_MSGSEND = YES;
				GCC_C_LANGUAGE_STANDARD = gnu11;
				GCC_NO_COMMON_BLOCKS = YES;
				GCC_WARN_64_TO_32_BIT_CONVERSION = YES;
				GCC_WARN_ABOUT_RETURN_TYPE = YES_ERROR;
				GCC_WARN_UNDECLARED_SELECTOR = YES;
				GCC_WARN_UNINITIALIZED_AUTOS = YES_AGGRESSIVE;
				GCC_WARN_UNUSED_FUNCTION = YES;
				GCC_WARN_UNUSED_VARIABLE = YES;
				IPHONEOS_DEPLOYMENT_TARGET = 13.0;
				MTL_ENABLE_DEBUG_INFO = NO;
				MTL_FAST_MATH = YES;
				SDKROOT = iphoneos;
				SWIFT_COMPILATION_MODE = wholemodule;
				SWIFT_OPTIMIZATION_LEVEL = "-O";
				VALIDATE_PRODUCT = YES;
			};
			name = Release;
		};
		BCC68D612A9F111700E45602 /* Debug */ = {
			isa = XCBuildConfiguration;
			buildSettings = {
				ASSETCATALOG_COMPILER_APPICON_NAME = AppIcon;
				ASSETCATALOG_COMPILER_GLOBAL_ACCENT_COLOR_NAME = AccentColor;
				CODE_SIGN_STYLE = Automatic;
				CURRENT_PROJECT_VERSION = 1;
				DEVELOPMENT_TEAM = T7A66MU3ZQ;
				GENERATE_INFOPLIST_FILE = YES;
				INFOPLIST_FILE = DailyCost/Info.plist;
				INFOPLIST_KEY_CFBundleDisplayName = "Daily Cost";
				INFOPLIST_KEY_LSApplicationCategoryType = "public.app-category.finance";
				INFOPLIST_KEY_UIApplicationSupportsIndirectInputEvents = YES;
				INFOPLIST_KEY_UILaunchStoryboardName = LaunchScreen;
				INFOPLIST_KEY_UISupportedInterfaceOrientations = UIInterfaceOrientationPortrait;
				IPHONEOS_DEPLOYMENT_TARGET = 13.0;
				LD_RUNPATH_SEARCH_PATHS = (
					"$(inherited)",
					"@executable_path/Frameworks",
				);
				MARKETING_VERSION = 1.0;
				PRODUCT_BUNDLE_IDENTIFIER = com.yxgg.DailyCost;
				PRODUCT_NAME = "$(TARGET_NAME)";
				SWIFT_EMIT_LOC_STRINGS = YES;
				SWIFT_VERSION = 5.0;
				TARGETED_DEVICE_FAMILY = "1,2";
			};
			name = Debug;
		};
		BCC68D622A9F111700E45602 /* Release */ = {
			isa = XCBuildConfiguration;
			buildSettings = {
				ASSETCATALOG_COMPILER_APPICON_NAME = AppIcon;
				ASSETCATALOG_COMPILER_GLOBAL_ACCENT_COLOR_NAME = AccentColor;
				CODE_SIGN_STYLE = Automatic;
				CURRENT_PROJECT_VERSION = 1;
				DEVELOPMENT_TEAM = T7A66MU3ZQ;
				GENERATE_INFOPLIST_FILE = YES;
				INFOPLIST_FILE = DailyCost/Info.plist;
				INFOPLIST_KEY_CFBundleDisplayName = "Daily Cost";
				INFOPLIST_KEY_LSApplicationCategoryType = "public.app-category.finance";
				INFOPLIST_KEY_UIApplicationSupportsIndirectInputEvents = YES;
				INFOPLIST_KEY_UILaunchStoryboardName = LaunchScreen;
				INFOPLIST_KEY_UISupportedInterfaceOrientations = UIInterfaceOrientationPortrait;
				IPHONEOS_DEPLOYMENT_TARGET = 13.0;
				LD_RUNPATH_SEARCH_PATHS = (
					"$(inherited)",
					"@executable_path/Frameworks",
				);
				MARKETING_VERSION = 1.0;
				PRODUCT_BUNDLE_IDENTIFIER = com.yxgg.DailyCost;
				PRODUCT_NAME = "$(TARGET_NAME)";
				SWIFT_EMIT_LOC_STRINGS = YES;
				SWIFT_VERSION = 5.0;
				TARGETED_DEVICE_FAMILY = "1,2";
			};
			name = Release;
		};
		BCC68D642A9F111700E45602 /* Debug */ = {
			isa = XCBuildConfiguration;
			buildSettings = {
				ALWAYS_EMBED_SWIFT_STANDARD_LIBRARIES = YES;
				BUNDLE_LOADER = "$(TEST_HOST)";
				CODE_SIGN_STYLE = Automatic;
				CURRENT_PROJECT_VERSION = 1;
				DEVELOPMENT_TEAM = T7A66MU3ZQ;
				GENERATE_INFOPLIST_FILE = YES;
				IPHONEOS_DEPLOYMENT_TARGET = 16.4;
				MARKETING_VERSION = 1.0;
				PRODUCT_BUNDLE_IDENTIFIER = com.yxgg.DailyCostTests;
				PRODUCT_NAME = "$(TARGET_NAME)";
				SWIFT_EMIT_LOC_STRINGS = NO;
				SWIFT_VERSION = 5.0;
				TARGETED_DEVICE_FAMILY = "1,2";
				TEST_HOST = "$(BUILT_PRODUCTS_DIR)/DailyCost.app/$(BUNDLE_EXECUTABLE_FOLDER_PATH)/DailyCost";
			};
			name = Debug;
		};
		BCC68D652A9F111700E45602 /* Release */ = {
			isa = XCBuildConfiguration;
			buildSettings = {
				ALWAYS_EMBED_SWIFT_STANDARD_LIBRARIES = YES;
				BUNDLE_LOADER = "$(TEST_HOST)";
				CODE_SIGN_STYLE = Automatic;
				CURRENT_PROJECT_VERSION = 1;
				DEVELOPMENT_TEAM = T7A66MU3ZQ;
				GENERATE_INFOPLIST_FILE = YES;
				IPHONEOS_DEPLOYMENT_TARGET = 16.4;
				MARKETING_VERSION = 1.0;
				PRODUCT_BUNDLE_IDENTIFIER = com.yxgg.DailyCostTests;
				PRODUCT_NAME = "$(TARGET_NAME)";
				SWIFT_EMIT_LOC_STRINGS = NO;
				SWIFT_VERSION = 5.0;
				TARGETED_DEVICE_FAMILY = "1,2";
				TEST_HOST = "$(BUILT_PRODUCTS_DIR)/DailyCost.app/$(BUNDLE_EXECUTABLE_FOLDER_PATH)/DailyCost";
			};
			name = Release;
		};
		BCC68D672A9F111700E45602 /* Debug */ = {
			isa = XCBuildConfiguration;
			buildSettings = {
				ALWAYS_EMBED_SWIFT_STANDARD_LIBRARIES = YES;
				CODE_SIGN_STYLE = Automatic;
				CURRENT_PROJECT_VERSION = 1;
				DEVELOPMENT_TEAM = T7A66MU3ZQ;
				GENERATE_INFOPLIST_FILE = YES;
				MARKETING_VERSION = 1.0;
				PRODUCT_BUNDLE_IDENTIFIER = com.yxgg.DailyCostUITests;
				PRODUCT_NAME = "$(TARGET_NAME)";
				SWIFT_EMIT_LOC_STRINGS = NO;
				SWIFT_VERSION = 5.0;
				TARGETED_DEVICE_FAMILY = "1,2";
				TEST_TARGET_NAME = DailyCost;
			};
			name = Debug;
		};
		BCC68D682A9F111700E45602 /* Release */ = {
			isa = XCBuildConfiguration;
			buildSettings = {
				ALWAYS_EMBED_SWIFT_STANDARD_LIBRARIES = YES;
				CODE_SIGN_STYLE = Automatic;
				CURRENT_PROJECT_VERSION = 1;
				DEVELOPMENT_TEAM = T7A66MU3ZQ;
				GENERATE_INFOPLIST_FILE = YES;
				MARKETING_VERSION = 1.0;
				PRODUCT_BUNDLE_IDENTIFIER = com.yxgg.DailyCostUITests;
				PRODUCT_NAME = "$(TARGET_NAME)";
				SWIFT_EMIT_LOC_STRINGS = NO;
				SWIFT_VERSION = 5.0;
				TARGETED_DEVICE_FAMILY = "1,2";
				TEST_TARGET_NAME = DailyCost;
			};
			name = Release;
		};
/* End XCBuildConfiguration section */

/* Begin XCConfigurationList section */
		BCC68D2E2A9F111400E45602 /* Build configuration list for PBXProject "DailyCost" */ = {
			isa = XCConfigurationList;
			buildConfigurations = (
				BCC68D5E2A9F111700E45602 /* Debug */,
				BCC68D5F2A9F111700E45602 /* Release */,
			);
			defaultConfigurationIsVisible = 0;
			defaultConfigurationName = Release;
		};
		BCC68D602A9F111700E45602 /* Build configuration list for PBXNativeTarget "DailyCost" */ = {
			isa = XCConfigurationList;
			buildConfigurations = (
				BCC68D612A9F111700E45602 /* Debug */,
				BCC68D622A9F111700E45602 /* Release */,
			);
			defaultConfigurationIsVisible = 0;
			defaultConfigurationName = Release;
		};
		BCC68D632A9F111700E45602 /* Build configuration list for PBXNativeTarget "DailyCostTests" */ = {
			isa = XCConfigurationList;
			buildConfigurations = (
				BCC68D642A9F111700E45602 /* Debug */,
				BCC68D652A9F111700E45602 /* Release */,
			);
			defaultConfigurationIsVisible = 0;
			defaultConfigurationName = Release;
		};
		BCC68D662A9F111700E45602 /* Build configuration list for PBXNativeTarget "DailyCostUITests" */ = {
			isa = XCConfigurationList;
			buildConfigurations = (
				BCC68D672A9F111700E45602 /* Debug */,
				BCC68D682A9F111700E45602 /* Release */,
			);
			defaultConfigurationIsVisible = 0;
			defaultConfigurationName = Release;
		};
/* End XCConfigurationList section */

/* Begin XCRemoteSwiftPackageReference section */
		E1F134112A9F9C38008A4AB1 /* XCRemoteSwiftPackageReference "Alamofire" */ = {
			isa = XCRemoteSwiftPackageReference;
			repositoryURL = "https://github.com/Alamofire/Alamofire";
			requirement = {
				kind = upToNextMajorVersion;
				minimumVersion = 5.0.0;
			};
		};
		E1F134142A9F9C59008A4AB1 /* XCRemoteSwiftPackageReference "netfox" */ = {
			isa = XCRemoteSwiftPackageReference;
			repositoryURL = "https://github.com/kasketis/netfox";
			requirement = {
				kind = upToNextMajorVersion;
				minimumVersion = 1.0.0;
			};
		};
		E1F134172A9F9CB7008A4AB1 /* XCRemoteSwiftPackageReference "RxSwift" */ = {
			isa = XCRemoteSwiftPackageReference;
			repositoryURL = "https://github.com/ReactiveX/RxSwift";
			requirement = {
				kind = upToNextMajorVersion;
				minimumVersion = 6.0.0;
			};
		};
		E1F1341C2A9F9CD6008A4AB1 /* XCRemoteSwiftPackageReference "IQKeyboardManager" */ = {
			isa = XCRemoteSwiftPackageReference;
			repositoryURL = "https://github.com/hackiftekhar/IQKeyboardManager";
			requirement = {
				kind = upToNextMajorVersion;
				minimumVersion = 6.0.0;
			};
		};
/* End XCRemoteSwiftPackageReference section */

/* Begin XCSwiftPackageProductDependency section */
		E1F134122A9F9C38008A4AB1 /* Alamofire */ = {
			isa = XCSwiftPackageProductDependency;
			package = E1F134112A9F9C38008A4AB1 /* XCRemoteSwiftPackageReference "Alamofire" */;
			productName = Alamofire;
		};
		E1F134152A9F9C59008A4AB1 /* netfox */ = {
			isa = XCSwiftPackageProductDependency;
			package = E1F134142A9F9C59008A4AB1 /* XCRemoteSwiftPackageReference "netfox" */;
			productName = netfox;
		};
		E1F134182A9F9CB7008A4AB1 /* RxCocoa */ = {
			isa = XCSwiftPackageProductDependency;
			package = E1F134172A9F9CB7008A4AB1 /* XCRemoteSwiftPackageReference "RxSwift" */;
			productName = RxCocoa;
		};
		E1F1341A2A9F9CB7008A4AB1 /* RxSwift */ = {
			isa = XCSwiftPackageProductDependency;
			package = E1F134172A9F9CB7008A4AB1 /* XCRemoteSwiftPackageReference "RxSwift" */;
			productName = RxSwift;
		};
		E1F1341D2A9F9CD6008A4AB1 /* IQKeyboardManagerSwift */ = {
			isa = XCSwiftPackageProductDependency;
			package = E1F1341C2A9F9CD6008A4AB1 /* XCRemoteSwiftPackageReference "IQKeyboardManager" */;
			productName = IQKeyboardManagerSwift;
		};
/* End XCSwiftPackageProductDependency section */

/* Begin XCVersionGroup section */
		BCC68D3F2A9F111400E45602 /* DailyCost.xcdatamodeld */ = {
			isa = XCVersionGroup;
			children = (
				BCC68D402A9F111400E45602 /* DailyCost.xcdatamodel */,
			);
			currentVersion = BCC68D402A9F111400E45602 /* DailyCost.xcdatamodel */;
			path = DailyCost.xcdatamodeld;
			sourceTree = "<group>";
			versionGroupType = wrapper.xcdatamodel;
		};
/* End XCVersionGroup section */
	};
	rootObject = BCC68D2B2A9F111400E45602 /* Project object */;
}
